dependencies:
- name: common
  repository: https://charts.bitnami.com/bitnami
  version: 1.13.1
- name: postgresql
  repository: https://charts.bitnami.com/bitnami
  version: 11.6.10
digest: sha256:5bbe0da876224acfdf3870f4b983ee14a28ac9a5425b69eae564ae61746970b5
generated: "2022-06-25T03:57:12.660367437Z"
